
Microsoft Visual Studio Solution File, Format Version 12.00
# Visual Studio 2012
Project("{FAE04EC0-301F-11D3-BF4B-00C04F79EFBC}") = "DMSExportUcto", "DMSExportUcto\DMSExportUcto.csproj", "{201CC65A-F3B8-4BDF-9772-0EF6B8FAD4AD}"
EndProject
Global
	GlobalSection(SolutionConfigurationPlatforms) = preSolution
		Debug|Any CPU = Debug|Any CPU
		Release|Any CPU = Release|Any CPU
	EndGlobalSection
	GlobalSection(ProjectConfigurationPlatforms) = postSolution
		{201CC65A-F3B8-4BDF-9772-0EF6B8FAD4AD}.Debug|Any CPU.ActiveCfg = Debug|Any CPU
		{201CC65A-F3B8-4BDF-9772-0EF6B8FAD4AD}.Debug|Any CPU.Build.0 = Debug|Any CPU
		{201CC65A-F3B8-4BDF-9772-0EF6B8FAD4AD}.Release|Any CPU.ActiveCfg = Release|Any CPU
		{201CC65A-F3B8-4BDF-9772-0EF6B8FAD4AD}.Release|Any CPU.Build.0 = Release|Any CPU
	EndGlobalSection
	GlobalSection(SolutionProperties) = preSolution
		HideSolutionNode = FALSE
	EndGlobalSection
EndGlobal
